
Microsoft Visual Studio Solution File, Format Version 12.00
# Visual Studio Version 17
VisualStudioVersion = 17.14.36121.58
MinimumVisualStudioVersion = 10.0.40219.1
Project("{FAE04EC0-301F-11D3-BF4B-00C04F79EFBC}") = "msLicenca", "msLicenca\msLicenca.csproj", "{37F8EF43-10F3-43FE-A5D4-CEF25AEA3474}"
EndProject
Project("{FAE04EC0-301F-11D3-BF4B-00C04F79EFBC}") = "msLicenca.Tests", "msLicenca.Tests\msLicenca.Tests.csproj", "{54534C28-45E8-47AB-AAF9-11AD15FCA1DA}"
EndProject
Global
	GlobalSection(SolutionConfigurationPlatforms) = preSolution
		Debug|Any CPU = Debug|Any CPU
		Debug|x64 = Debug|x64
		Debug|x86 = Debug|x86
		Release|Any CPU = Release|Any CPU
		Release|x64 = Release|x64
		Release|x86 = Release|x86
	EndGlobalSection
	GlobalSection(ProjectConfigurationPlatforms) = postSolution
		{37F8EF43-10F3-43FE-A5D4-CEF25AEA3474}.Debug|Any CPU.ActiveCfg = Debug|Any CPU
		{37F8EF43-10F3-43FE-A5D4-CEF25AEA3474}.Debug|Any CPU.Build.0 = Debug|Any CPU
		{37F8EF43-10F3-43FE-A5D4-CEF25AEA3474}.Debug|x64.ActiveCfg = Debug|Any CPU
		{37F8EF43-10F3-43FE-A5D4-CEF25AEA3474}.Debug|x64.Build.0 = Debug|Any CPU
		{37F8EF43-10F3-43FE-A5D4-CEF25AEA3474}.Debug|x86.ActiveCfg = Debug|Any CPU
		{37F8EF43-10F3-43FE-A5D4-CEF25AEA3474}.Debug|x86.Build.0 = Debug|Any CPU
		{37F8EF43-10F3-43FE-A5D4-CEF25AEA3474}.Release|Any CPU.ActiveCfg = Release|Any CPU
		{37F8EF43-10F3-43FE-A5D4-CEF25AEA3474}.Release|Any CPU.Build.0 = Release|Any CPU
		{37F8EF43-10F3-43FE-A5D4-CEF25AEA3474}.Release|x64.ActiveCfg = Release|Any CPU
		{37F8EF43-10F3-43FE-A5D4-CEF25AEA3474}.Release|x64.Build.0 = Release|Any CPU
		{37F8EF43-10F3-43FE-A5D4-CEF25AEA3474}.Release|x86.ActiveCfg = Release|Any CPU
		{37F8EF43-10F3-43FE-A5D4-CEF25AEA3474}.Release|x86.Build.0 = Release|Any CPU
		{54534C28-45E8-47AB-AAF9-11AD15FCA1DA}.Debug|Any CPU.ActiveCfg = Debug|Any CPU
		{54534C28-45E8-47AB-AAF9-11AD15FCA1DA}.Debug|Any CPU.Build.0 = Debug|Any CPU
		{54534C28-45E8-47AB-AAF9-11AD15FCA1DA}.Debug|x64.ActiveCfg = Debug|Any CPU
		{54534C28-45E8-47AB-AAF9-11AD15FCA1DA}.Debug|x64.Build.0 = Debug|Any CPU
		{54534C28-45E8-47AB-AAF9-11AD15FCA1DA}.Debug|x86.ActiveCfg = Debug|Any CPU
		{54534C28-45E8-47AB-AAF9-11AD15FCA1DA}.Debug|x86.Build.0 = Debug|Any CPU
		{54534C28-45E8-47AB-AAF9-11AD15FCA1DA}.Release|Any CPU.ActiveCfg = Release|Any CPU
		{54534C28-45E8-47AB-AAF9-11AD15FCA1DA}.Release|Any CPU.Build.0 = Release|Any CPU
		{54534C28-45E8-47AB-AAF9-11AD15FCA1DA}.Release|x64.ActiveCfg = Release|Any CPU
		{54534C28-45E8-47AB-AAF9-11AD15FCA1DA}.Release|x64.Build.0 = Release|Any CPU
		{54534C28-45E8-47AB-AAF9-11AD15FCA1DA}.Release|x86.ActiveCfg = Release|Any CPU
		{54534C28-45E8-47AB-AAF9-11AD15FCA1DA}.Release|x86.Build.0 = Release|Any CPU
	EndGlobalSection
	GlobalSection(SolutionProperties) = preSolution
		HideSolutionNode = FALSE
	EndGlobalSection
	GlobalSection(ExtensibilityGlobals) = postSolution
		SolutionGuid = {A854A137-4D2C-44DD-AD2E-C3FD0EE9FA79}
	EndGlobalSection
EndGlobal
